
Microsoft Visual Studio Solution File, Format Version 12.00
# Visual Studio Version 17
VisualStudioVersion = 17.5.33424.131
MinimumVisualStudioVersion = 10.0.40219.1
Project("{FAE04EC0-301F-11D3-BF4B-00C04F79EFBC}") = "QuickLoanAPI", "QuickLoanAPI\QuickLoanAPI.csproj", "{36A8ECFF-1964-4C0A-BEEB-96949608A8F4}"
EndProject
Project("{FAE04EC0-301F-11D3-BF4B-00C04F79EFBC}") = "QuickLoanAPI.Core", "QuickLoanAPI.Core\QuickLoanAPI.Core.csproj", "{DB2E9E0A-2CA2-4AF7-BF76-DA034D55079C}"
EndProject
Project("{FAE04EC0-301F-11D3-BF4B-00C04F79EFBC}") = "QuickLoanAPI.Infrastructure", "QuickLoanAPI.Infrastructure\QuickLoanAPI.Infrastructure.csproj", "{C5E8283D-2B98-482A-BB23-FB3F655F1356}"
EndProject
Project("{FAE04EC0-301F-11D3-BF4B-00C04F79EFBC}") = "QuickLoanAPI.Domain", "QuickLoanAPI.Domain\QuickLoanAPI.Domain.csproj", "{ABCE9065-7581-4357-9C63-78E6DB4D7136}"
EndProject
Global
	GlobalSection(SolutionConfigurationPlatforms) = preSolution
		Debug|Any CPU = Debug|Any CPU
		Release|Any CPU = Release|Any CPU
	EndGlobalSection
	GlobalSection(ProjectConfigurationPlatforms) = postSolution
		{36A8ECFF-1964-4C0A-BEEB-96949608A8F4}.Debug|Any CPU.ActiveCfg = Debug|Any CPU
		{36A8ECFF-1964-4C0A-BEEB-96949608A8F4}.Debug|Any CPU.Build.0 = Debug|Any CPU
		{36A8ECFF-1964-4C0A-BEEB-96949608A8F4}.Release|Any CPU.ActiveCfg = Release|Any CPU
		{36A8ECFF-1964-4C0A-BEEB-96949608A8F4}.Release|Any CPU.Build.0 = Release|Any CPU
		{DB2E9E0A-2CA2-4AF7-BF76-DA034D55079C}.Debug|Any CPU.ActiveCfg = Debug|Any CPU
		{DB2E9E0A-2CA2-4AF7-BF76-DA034D55079C}.Debug|Any CPU.Build.0 = Debug|Any CPU
		{DB2E9E0A-2CA2-4AF7-BF76-DA034D55079C}.Release|Any CPU.ActiveCfg = Release|Any CPU
		{DB2E9E0A-2CA2-4AF7-BF76-DA034D55079C}.Release|Any CPU.Build.0 = Release|Any CPU
		{C5E8283D-2B98-482A-BB23-FB3F655F1356}.Debug|Any CPU.ActiveCfg = Debug|Any CPU
		{C5E8283D-2B98-482A-BB23-FB3F655F1356}.Debug|Any CPU.Build.0 = Debug|Any CPU
		{C5E8283D-2B98-482A-BB23-FB3F655F1356}.Release|Any CPU.ActiveCfg = Release|Any CPU
		{C5E8283D-2B98-482A-BB23-FB3F655F1356}.Release|Any CPU.Build.0 = Release|Any CPU
		{ABCE9065-7581-4357-9C63-78E6DB4D7136}.Debug|Any CPU.ActiveCfg = Debug|Any CPU
		{ABCE9065-7581-4357-9C63-78E6DB4D7136}.Debug|Any CPU.Build.0 = Debug|Any CPU
		{ABCE9065-7581-4357-9C63-78E6DB4D7136}.Release|Any CPU.ActiveCfg = Release|Any CPU
		{ABCE9065-7581-4357-9C63-78E6DB4D7136}.Release|Any CPU.Build.0 = Release|Any CPU
	EndGlobalSection
	GlobalSection(SolutionProperties) = preSolution
		HideSolutionNode = FALSE
	EndGlobalSection
	GlobalSection(ExtensibilityGlobals) = postSolution
		SolutionGuid = {C7F58BF8-D042-4A65-B2C7-E9BC64D066AB}
	EndGlobalSection
EndGlobal
